// !$*UTF8*$!
{
	archiveVersion = 1;
	classes = {
	};
	objectVersion = 55;
	objects = {

/* Begin PBXBuildFile section */
		94026B532840F23C00A10670 /* TranslatorMockDelegate.swift in Sources */ = {isa = PBXBuildFile; fileRef = 94026B522840F23C00A10670 /* TranslatorMockDelegate.swift */; };
		94026B552840F28500A10670 /* WeatherMockDelegate.swift in Sources */ = {isa = PBXBuildFile; fileRef = 94026B542840F28500A10670 /* WeatherMockDelegate.swift */; };
		94026B592840F2D600A10670 /* CurrencyConverterMockDelegate.swift in Sources */ = {isa = PBXBuildFile; fileRef = 94026B582840F2D600A10670 /* CurrencyConverterMockDelegate.swift */; };
		94063BDF283BDB0200611B61 /* WeatherServiceTestCase.swift in Sources */ = {isa = PBXBuildFile; fileRef = 94063BDE283BDB0200611B61 /* WeatherServiceTestCase.swift */; };
		94063BE1283C216100611B61 /* TranslatorServiceTestCase.swift in Sources */ = {isa = PBXBuildFile; fileRef = 94063BE0283C216100611B61 /* TranslatorServiceTestCase.swift */; };
		942ABD10281AB93D00D677F6 /* CurrencyConverterDelegateProtocol.swift in Sources */ = {isa = PBXBuildFile; fileRef = 942ABD0F281AB93D00D677F6 /* CurrencyConverterDelegateProtocol.swift */; };
		94403808283E776900092B24 /* CurrencyConverterServiceTestCase.swift in Sources */ = {isa = PBXBuildFile; fileRef = 94403807283E776900092B24 /* CurrencyConverterServiceTestCase.swift */; };
		944E86E0282AB2A0002B167A /* ExchangeRate.swift in Sources */ = {isa = PBXBuildFile; fileRef = 944E86DF282AB2A0002B167A /* ExchangeRate.swift */; };
		944E86E2282AB381002B167A /* CurrencyConverterExtension.swift in Sources */ = {isa = PBXBuildFile; fileRef = 944E86E1282AB381002B167A /* CurrencyConverterExtension.swift */; };
		9468F5E1281687BE00099300 /* CurrencyConverterService.swift in Sources */ = {isa = PBXBuildFile; fileRef = 9468F5E0281687BE00099300 /* CurrencyConverterService.swift */; };
		947296BE2831960F00DE62B9 /* NetworkManagerTestCase.swift in Sources */ = {isa = PBXBuildFile; fileRef = 947296BD2831960F00DE62B9 /* NetworkManagerTestCase.swift */; };
		947296C02832DAA900DE62B9 /* Translation.json in Resources */ = {isa = PBXBuildFile; fileRef = 947296BF2832DAA800DE62B9 /* Translation.json */; };
		947296C22832DB0600DE62B9 /* Weather.json in Resources */ = {isa = PBXBuildFile; fileRef = 947296C12832DB0600DE62B9 /* Weather.json */; };
		947296C42832DBB000DE62B9 /* ExchangeRate.json in Resources */ = {isa = PBXBuildFile; fileRef = 947296C32832DBB000DE62B9 /* ExchangeRate.json */; };
		947296C62832DC9500DE62B9 /* FakeResponseTranslationData.swift in Sources */ = {isa = PBXBuildFile; fileRef = 947296C52832DC9500DE62B9 /* FakeResponseTranslationData.swift */; };
		947296C82833DDD100DE62B9 /* UrlSessionFake.swift in Sources */ = {isa = PBXBuildFile; fileRef = 947296C72833DDD100DE62B9 /* UrlSessionFake.swift */; };
		949D2FC92836653600ADDEC4 /* URLSessionExtension.swift in Sources */ = {isa = PBXBuildFile; fileRef = 949D2FC82836653500ADDEC4 /* URLSessionExtension.swift */; };
		94ACE4AA281427C000A505E0 /* CurrencyConverterViewController.swift in Sources */ = {isa = PBXBuildFile; fileRef = 94ACE4A9281427C000A505E0 /* CurrencyConverterViewController.swift */; };
		94ACE4AC2814285500A505E0 /* WeatherViewController.swift in Sources */ = {isa = PBXBuildFile; fileRef = 94ACE4AB2814285500A505E0 /* WeatherViewController.swift */; };
		94ACE4AE2814289D00A505E0 /* TranslatorViewController.swift in Sources */ = {isa = PBXBuildFile; fileRef = 94ACE4AD2814289D00A505E0 /* TranslatorViewController.swift */; };
		94B5FF3F28295A9300A626D9 /* TranslationResponse.swift in Sources */ = {isa = PBXBuildFile; fileRef = 94B5FF3E28295A9300A626D9 /* TranslationResponse.swift */; };
		94B5FF4128295B1800A626D9 /* TranslateServiceExtension.swift in Sources */ = {isa = PBXBuildFile; fileRef = 94B5FF4028295B1800A626D9 /* TranslateServiceExtension.swift */; };
		94B5FF432829AA5600A626D9 /* WeatherServiceExtension.swift in Sources */ = {isa = PBXBuildFile; fileRef = 94B5FF422829AA5600A626D9 /* WeatherServiceExtension.swift */; };
		94B5FF452829AB9D00A626D9 /* WeatherData.swift in Sources */ = {isa = PBXBuildFile; fileRef = 94B5FF442829AB9D00A626D9 /* WeatherData.swift */; };
		94B5FF472829ABDD00A626D9 /* City.swift in Sources */ = {isa = PBXBuildFile; fileRef = 94B5FF462829ABDD00A626D9 /* City.swift */; };
		94DD89B4281036EC002B7C52 /* AppDelegate.swift in Sources */ = {isa = PBXBuildFile; fileRef = 94DD89B3281036EC002B7C52 /* AppDelegate.swift */; };
		94DD89B6281036EC002B7C52 /* SceneDelegate.swift in Sources */ = {isa = PBXBuildFile; fileRef = 94DD89B5281036EC002B7C52 /* SceneDelegate.swift */; };
		94DD89BB281036EC002B7C52 /* Main.storyboard in Resources */ = {isa = PBXBuildFile; fileRef = 94DD89B9281036EC002B7C52 /* Main.storyboard */; };
		94DD89BD281036EE002B7C52 /* Assets.xcassets in Resources */ = {isa = PBXBuildFile; fileRef = 94DD89BC281036EE002B7C52 /* Assets.xcassets */; };
		94DD89C0281036EE002B7C52 /* LaunchScreen.storyboard in Resources */ = {isa = PBXBuildFile; fileRef = 94DD89BE281036EE002B7C52 /* LaunchScreen.storyboard */; };
		94E43720282558B600853B53 /* TranslatorService.swift in Sources */ = {isa = PBXBuildFile; fileRef = 94E4371F282558B600853B53 /* TranslatorService.swift */; };
		94E43722282558D700853B53 /* NetworkManager.swift in Sources */ = {isa = PBXBuildFile; fileRef = 94E43721282558D700853B53 /* NetworkManager.swift */; };
		94E921D428267BEC00494E47 /* TranslatorDelegateProtocol.swift in Sources */ = {isa = PBXBuildFile; fileRef = 94E921D328267BEC00494E47 /* TranslatorDelegateProtocol.swift */; };
		94F1D5E72820742A00875F61 /* WeatherDelegateProtocol.swift in Sources */ = {isa = PBXBuildFile; fileRef = 94F1D5E62820742A00875F61 /* WeatherDelegateProtocol.swift */; };
		94F2586328196AB400A480AE /* UIButtonExtension.swift in Sources */ = {isa = PBXBuildFile; fileRef = 94F2586228196AB400A480AE /* UIButtonExtension.swift */; };
		94F7DE0A281FD9EF0034CD3F /* WeatherService.swift in Sources */ = {isa = PBXBuildFile; fileRef = 94F7DE09281FD9EF0034CD3F /* WeatherService.swift */; };
/* End PBXBuildFile section */

/* Begin PBXContainerItemProxy section */
		947296B82831956800DE62B9 /* PBXContainerItemProxy */ = {
			isa = PBXContainerItemProxy;
			containerPortal = 94DD89A8281036EC002B7C52 /* Project object */;
			proxyType = 1;
			remoteGlobalIDString = 94DD89AF281036EC002B7C52;
			remoteInfo = LeBaluchon;
		};
/* End PBXContainerItemProxy section */

/* Begin PBXFileReference section */
		94026B522840F23C00A10670 /* TranslatorMockDelegate.swift */ = {isa = PBXFileReference; lastKnownFileType = sourcecode.swift; path = TranslatorMockDelegate.swift; sourceTree = "<group>"; };
		94026B542840F28500A10670 /* WeatherMockDelegate.swift */ = {isa = PBXFileReference; lastKnownFileType = sourcecode.swift; path = WeatherMockDelegate.swift; sourceTree = "<group>"; };
		94026B582840F2D600A10670 /* CurrencyConverterMockDelegate.swift */ = {isa = PBXFileReference; lastKnownFileType = sourcecode.swift; path = CurrencyConverterMockDelegate.swift; sourceTree = "<group>"; };
		94063BDE283BDB0200611B61 /* WeatherServiceTestCase.swift */ = {isa = PBXFileReference; lastKnownFileType = sourcecode.swift; path = WeatherServiceTestCase.swift; sourceTree = "<group>"; };
		94063BE0283C216100611B61 /* TranslatorServiceTestCase.swift */ = {isa = PBXFileReference; lastKnownFileType = sourcecode.swift; path = TranslatorServiceTestCase.swift; sourceTree = "<group>"; };
		942ABD0F281AB93D00D677F6 /* CurrencyConverterDelegateProtocol.swift */ = {isa = PBXFileReference; lastKnownFileType = sourcecode.swift; path = CurrencyConverterDelegateProtocol.swift; sourceTree = "<group>"; };
		94403807283E776900092B24 /* CurrencyConverterServiceTestCase.swift */ = {isa = PBXFileReference; lastKnownFileType = sourcecode.swift; path = CurrencyConverterServiceTestCase.swift; sourceTree = "<group>"; };
		944E86DF282AB2A0002B167A /* ExchangeRate.swift */ = {isa = PBXFileReference; lastKnownFileType = sourcecode.swift; path = ExchangeRate.swift; sourceTree = "<group>"; };
		944E86E1282AB381002B167A /* CurrencyConverterExtension.swift */ = {isa = PBXFileReference; lastKnownFileType = sourcecode.swift; path = CurrencyConverterExtension.swift; sourceTree = "<group>"; };
		9468F5E0281687BE00099300 /* CurrencyConverterService.swift */ = {isa = PBXFileReference; lastKnownFileType = sourcecode.swift; path = CurrencyConverterService.swift; sourceTree = "<group>"; };
		947296B42831956800DE62B9 /* LeBaluchonTests.xctest */ = {isa = PBXFileReference; explicitFileType = wrapper.cfbundle; includeInIndex = 0; path = LeBaluchonTests.xctest; sourceTree = BUILT_PRODUCTS_DIR; };
		947296BD2831960F00DE62B9 /* NetworkManagerTestCase.swift */ = {isa = PBXFileReference; lastKnownFileType = sourcecode.swift; path = NetworkManagerTestCase.swift; sourceTree = "<group>"; };
		947296BF2832DAA800DE62B9 /* Translation.json */ = {isa = PBXFileReference; lastKnownFileType = text.json; path = Translation.json; sourceTree = "<group>"; };
		947296C12832DB0600DE62B9 /* Weather.json */ = {isa = PBXFileReference; lastKnownFileType = text.json; path = Weather.json; sourceTree = "<group>"; };
		947296C32832DBB000DE62B9 /* ExchangeRate.json */ = {isa = PBXFileReference; lastKnownFileType = text.json; path = ExchangeRate.json; sourceTree = "<group>"; };
		947296C52832DC9500DE62B9 /* FakeResponseTranslationData.swift */ = {isa = PBXFileReference; lastKnownFileType = sourcecode.swift; path = FakeResponseTranslationData.swift; sourceTree = "<group>"; };
		947296C72833DDD100DE62B9 /* UrlSessionFake.swift */ = {isa = PBXFileReference; lastKnownFileType = sourcecode.swift; path = UrlSessionFake.swift; sourceTree = "<group>"; };
		949D2FC82836653500ADDEC4 /* URLSessionExtension.swift */ = {isa = PBXFileReference; lastKnownFileType = sourcecode.swift; path = URLSessionExtension.swift; sourceTree = "<group>"; };
		94ACE4A9281427C000A505E0 /* CurrencyConverterViewController.swift */ = {isa = PBXFileReference; lastKnownFileType = sourcecode.swift; path = CurrencyConverterViewController.swift; sourceTree = "<group>"; };
		94ACE4AB2814285500A505E0 /* WeatherViewController.swift */ = {isa = PBXFileReference; lastKnownFileType = sourcecode.swift; path = WeatherViewController.swift; sourceTree = "<group>"; };
		94ACE4AD2814289D00A505E0 /* TranslatorViewController.swift */ = {isa = PBXFileReference; lastKnownFileType = sourcecode.swift; path = TranslatorViewController.swift; sourceTree = "<group>"; };
		94B5FF3E28295A9300A626D9 /* TranslationResponse.swift */ = {isa = PBXFileReference; lastKnownFileType = sourcecode.swift; path = TranslationResponse.swift; sourceTree = "<group>"; };
		94B5FF4028295B1800A626D9 /* TranslateServiceExtension.swift */ = {isa = PBXFileReference; lastKnownFileType = sourcecode.swift; path = TranslateServiceExtension.swift; sourceTree = "<group>"; };
		94B5FF422829AA5600A626D9 /* WeatherServiceExtension.swift */ = {isa = PBXFileReference; lastKnownFileType = sourcecode.swift; path = WeatherServiceExtension.swift; sourceTree = "<group>"; };
		94B5FF442829AB9D00A626D9 /* WeatherData.swift */ = {isa = PBXFileReference; lastKnownFileType = sourcecode.swift; path = WeatherData.swift; sourceTree = "<group>"; };
		94B5FF462829ABDD00A626D9 /* City.swift */ = {isa = PBXFileReference; lastKnownFileType = sourcecode.swift; path = City.swift; sourceTree = "<group>"; };
		94C7245B281FB51A00F995AA /* Secrets.xcconfig */ = {isa = PBXFileReference; lastKnownFileType = text.xcconfig; path = Secrets.xcconfig; sourceTree = "<group>"; };
		94DD89B0281036EC002B7C52 /* LeBaluchon.app */ = {isa = PBXFileReference; explicitFileType = wrapper.application; includeInIndex = 0; path = LeBaluchon.app; sourceTree = BUILT_PRODUCTS_DIR; };
		94DD89B3281036EC002B7C52 /* AppDelegate.swift */ = {isa = PBXFileReference; lastKnownFileType = sourcecode.swift; path = AppDelegate.swift; sourceTree = "<group>"; };
		94DD89B5281036EC002B7C52 /* SceneDelegate.swift */ = {isa = PBXFileReference; lastKnownFileType = sourcecode.swift; path = SceneDelegate.swift; sourceTree = "<group>"; };
		94DD89BA281036EC002B7C52 /* Base */ = {isa = PBXFileReference; lastKnownFileType = file.storyboard; name = Base; path = Base.lproj/Main.storyboard; sourceTree = "<group>"; };
		94DD89BC281036EE002B7C52 /* Assets.xcassets */ = {isa = PBXFileReference; lastKnownFileType = folder.assetcatalog; path = Assets.xcassets; sourceTree = "<group>"; };
		94DD89BF281036EE002B7C52 /* Base */ = {isa = PBXFileReference; lastKnownFileType = file.storyboard; name = Base; path = Base.lproj/LaunchScreen.storyboard; sourceTree = "<group>"; };
		94DD89C1281036EE002B7C52 /* Info.plist */ = {isa = PBXFileReference; lastKnownFileType = text.plist.xml; path = Info.plist; sourceTree = "<group>"; };
		94E4371F282558B600853B53 /* TranslatorService.swift */ = {isa = PBXFileReference; lastKnownFileType = sourcecode.swift; path = TranslatorService.swift; sourceTree = "<group>"; };
		94E43721282558D700853B53 /* NetworkManager.swift */ = {isa = PBXFileReference; lastKnownFileType = sourcecode.swift; path = NetworkManager.swift; sourceTree = "<group>"; };
		94E921D328267BEC00494E47 /* TranslatorDelegateProtocol.swift */ = {isa = PBXFileReference; lastKnownFileType = sourcecode.swift; path = TranslatorDelegateProtocol.swift; sourceTree = "<group>"; };
		94F1D5E62820742A00875F61 /* WeatherDelegateProtocol.swift */ = {isa = PBXFileReference; lastKnownFileType = sourcecode.swift; path = WeatherDelegateProtocol.swift; sourceTree = "<group>"; };
		94F2586228196AB400A480AE /* UIButtonExtension.swift */ = {isa = PBXFileReference; lastKnownFileType = sourcecode.swift; path = UIButtonExtension.swift; sourceTree = "<group>"; };
		94F7DE09281FD9EF0034CD3F /* WeatherService.swift */ = {isa = PBXFileReference; lastKnownFileType = sourcecode.swift; path = WeatherService.swift; sourceTree = "<group>"; };
/* End PBXFileReference section */

/* Begin PBXFrameworksBuildPhase section */
		947296B12831956800DE62B9 /* Frameworks */ = {
			isa = PBXFrameworksBuildPhase;
			buildActionMask = 2147483647;
			files = (
			);
			runOnlyForDeploymentPostprocessing = 0;
		};
		94DD89AD281036EC002B7C52 /* Frameworks */ = {
			isa = PBXFrameworksBuildPhase;
			buildActionMask = 2147483647;
			files = (
			);
			runOnlyForDeploymentPostprocessing = 0;
		};
/* End PBXFrameworksBuildPhase section */

/* Begin PBXGroup section */
		94021FFE28112E8B00829961 /* Model */ = {
			isa = PBXGroup;
			children = (
				9468F5E0281687BE00099300 /* CurrencyConverterService.swift */,
				94F7DE09281FD9EF0034CD3F /* WeatherService.swift */,
				94E4371F282558B600853B53 /* TranslatorService.swift */,
				94E43721282558D700853B53 /* NetworkManager.swift */,
			);
			path = Model;
			sourceTree = "<group>";
		};
		94021FFF28112E9100829961 /* View */ = {
			isa = PBXGroup;
			children = (
				94DD89B9281036EC002B7C52 /* Main.storyboard */,
				94DD89BC281036EE002B7C52 /* Assets.xcassets */,
				94DD89BE281036EE002B7C52 /* LaunchScreen.storyboard */,
			);
			path = View;
			sourceTree = "<group>";
		};
		9402200028112F2000829961 /* Controller */ = {
			isa = PBXGroup;
			children = (
				942ABD0F281AB93D00D677F6 /* CurrencyConverterDelegateProtocol.swift */,
				94E921D328267BEC00494E47 /* TranslatorDelegateProtocol.swift */,
				94F1D5E62820742A00875F61 /* WeatherDelegateProtocol.swift */,
				94ACE4A9281427C000A505E0 /* CurrencyConverterViewController.swift */,
				94ACE4AD2814289D00A505E0 /* TranslatorViewController.swift */,
				94ACE4AB2814285500A505E0 /* WeatherViewController.swift */,
			);
			path = Controller;
			sourceTree = "<group>";
		};
		94026B512840F18B00A10670 /* Mocks Delegates */ = {
			isa = PBXGroup;
			children = (
				94026B522840F23C00A10670 /* TranslatorMockDelegate.swift */,
				94026B542840F28500A10670 /* WeatherMockDelegate.swift */,
				94026B582840F2D600A10670 /* CurrencyConverterMockDelegate.swift */,
			);
			path = "Mocks Delegates";
			sourceTree = "<group>";
		};
		947296B52831956800DE62B9 /* LeBaluchonTests */ = {
			isa = PBXGroup;
			children = (
				94026B512840F18B00A10670 /* Mocks Delegates */,
				94403807283E776900092B24 /* CurrencyConverterServiceTestCase.swift */,
				94063BDE283BDB0200611B61 /* WeatherServiceTestCase.swift */,
				94063BE0283C216100611B61 /* TranslatorServiceTestCase.swift */,
				947296BD2831960F00DE62B9 /* NetworkManagerTestCase.swift */,
				947296C52832DC9500DE62B9 /* FakeResponseTranslationData.swift */,
				947296C72833DDD100DE62B9 /* UrlSessionFake.swift */,
				947296BF2832DAA800DE62B9 /* Translation.json */,
				947296C12832DB0600DE62B9 /* Weather.json */,
				947296C32832DBB000DE62B9 /* ExchangeRate.json */,
			);
			path = LeBaluchonTests;
			sourceTree = "<group>";
		};
		94B5FF3D28295A4D00A626D9 /* Structures */ = {
			isa = PBXGroup;
			children = (
				94B5FF3E28295A9300A626D9 /* TranslationResponse.swift */,
				94B5FF442829AB9D00A626D9 /* WeatherData.swift */,
				944E86DF282AB2A0002B167A /* ExchangeRate.swift */,
				94B5FF462829ABDD00A626D9 /* City.swift */,
			);
			path = Structures;
			sourceTree = "<group>";
		};
		94DD89A7281036EC002B7C52 = {
			isa = PBXGroup;
			children = (
				94C7245B281FB51A00F995AA /* Secrets.xcconfig */,
				94DD89B2281036EC002B7C52 /* LeBaluchon */,
				947296B52831956800DE62B9 /* LeBaluchonTests */,
				94DD89B1281036EC002B7C52 /* Products */,
			);
			sourceTree = "<group>";
		};
		94DD89B1281036EC002B7C52 /* Products */ = {
			isa = PBXGroup;
			children = (
				94DD89B0281036EC002B7C52 /* LeBaluchon.app */,
				947296B42831956800DE62B9 /* LeBaluchonTests.xctest */,
			);
			name = Products;
			sourceTree = "<group>";
		};
		94DD89B2281036EC002B7C52 /* LeBaluchon */ = {
			isa = PBXGroup;
			children = (
				94B5FF3D28295A4D00A626D9 /* Structures */,
				94F2586128196A8B00A480AE /* Extensions */,
				9402200028112F2000829961 /* Controller */,
				94021FFF28112E9100829961 /* View */,
				94021FFE28112E8B00829961 /* Model */,
				94DD89B3281036EC002B7C52 /* AppDelegate.swift */,
				94DD89B5281036EC002B7C52 /* SceneDelegate.swift */,
				94DD89C1281036EE002B7C52 /* Info.plist */,
			);
			path = LeBaluchon;
			sourceTree = "<group>";
		};
		94F2586128196A8B00A480AE /* Extensions */ = {
			isa = PBXGroup;
			children = (
				94F2586228196AB400A480AE /* UIButtonExtension.swift */,
				94B5FF4028295B1800A626D9 /* TranslateServiceExtension.swift */,
				94B5FF422829AA5600A626D9 /* WeatherServiceExtension.swift */,
				944E86E1282AB381002B167A /* CurrencyConverterExtension.swift */,
				949D2FC82836653500ADDEC4 /* URLSessionExtension.swift */,
			);
			path = Extensions;
			sourceTree = "<group>";
		};
/* End PBXGroup section */

/* Begin PBXNativeTarget section */
		947296B32831956800DE62B9 /* LeBaluchonTests */ = {
			isa = PBXNativeTarget;
			buildConfigurationList = 947296BC2831956800DE62B9 /* Build configuration list for PBXNativeTarget "LeBaluchonTests" */;
			buildPhases = (
				947296B02831956800DE62B9 /* Sources */,
				947296B12831956800DE62B9 /* Frameworks */,
				947296B22831956800DE62B9 /* Resources */,
			);
			buildRules = (
			);
			dependencies = (
				947296B92831956800DE62B9 /* PBXTargetDependency */,
			);
			name = LeBaluchonTests;
			productName = LeBaluchonTests;
			productReference = 947296B42831956800DE62B9 /* LeBaluchonTests.xctest */;
			productType = "com.apple.product-type.bundle.unit-test";
		};
		94DD89AF281036EC002B7C52 /* LeBaluchon */ = {
			isa = PBXNativeTarget;
			buildConfigurationList = 94DD89C4281036EE002B7C52 /* Build configuration list for PBXNativeTarget "LeBaluchon" */;
			buildPhases = (
				94DD89AC281036EC002B7C52 /* Sources */,
				94DD89AD281036EC002B7C52 /* Frameworks */,
				94DD89AE281036EC002B7C52 /* Resources */,
				94F7DE08281FBB160034CD3F /* ShellScript */,
			);
			buildRules = (
			);
			dependencies = (
			);
			name = LeBaluchon;
			productName = LeBaluchon;
			productReference = 94DD89B0281036EC002B7C52 /* LeBaluchon.app */;
			productType = "com.apple.product-type.application";
		};
/* End PBXNativeTarget section */

/* Begin PBXProject section */
		94DD89A8281036EC002B7C52 /* Project object */ = {
			isa = PBXProject;
			attributes = {
				BuildIndependentTargetsInParallel = 1;
				LastSwiftUpdateCheck = 1330;
				LastUpgradeCheck = 1330;
				TargetAttributes = {
					947296B32831956800DE62B9 = {
						CreatedOnToolsVersion = 13.3.1;
						LastSwiftMigration = 1330;
						TestTargetID = 94DD89AF281036EC002B7C52;
					};
					94DD89AF281036EC002B7C52 = {
						CreatedOnToolsVersion = 13.3.1;
					};
				};
			};
			buildConfigurationList = 94DD89AB281036EC002B7C52 /* Build configuration list for PBXProject "LeBaluchon" */;
			compatibilityVersion = "Xcode 13.0";
			developmentRegion = en;
			hasScannedForEncodings = 0;
			knownRegions = (
				en,
				Base,
			);
			mainGroup = 94DD89A7281036EC002B7C52;
			productRefGroup = 94DD89B1281036EC002B7C52 /* Products */;
			projectDirPath = "";
			projectRoot = "";
			targets = (
				94DD89AF281036EC002B7C52 /* LeBaluchon */,
				947296B32831956800DE62B9 /* LeBaluchonTests */,
			);
		};
/* End PBXProject section */

/* Begin PBXResourcesBuildPhase section */
		947296B22831956800DE62B9 /* Resources */ = {
			isa = PBXResourcesBuildPhase;
			buildActionMask = 2147483647;
			files = (
				947296C22832DB0600DE62B9 /* Weather.json in Resources */,
				947296C42832DBB000DE62B9 /* ExchangeRate.json in Resources */,
				947296C02832DAA900DE62B9 /* Translation.json in Resources */,
			);
			runOnlyForDeploymentPostprocessing = 0;
		};
		94DD89AE281036EC002B7C52 /* Resources */ = {
			isa = PBXResourcesBuildPhase;
			buildActionMask = 2147483647;
			files = (
				94DD89C0281036EE002B7C52 /* LaunchScreen.storyboard in Resources */,
				94DD89BD281036EE002B7C52 /* Assets.xcassets in Resources */,
				94DD89BB281036EC002B7C52 /* Main.storyboard in Resources */,
			);
			runOnlyForDeploymentPostprocessing = 0;
		};
/* End PBXResourcesBuildPhase section */

/* Begin PBXShellScriptBuildPhase section */
		94F7DE08281FBB160034CD3F /* ShellScript */ = {
			isa = PBXShellScriptBuildPhase;
			buildActionMask = 2147483647;
			files = (
			);
			inputFileListPaths = (
			);
			inputPaths = (
			);
			outputFileListPaths = (
			);
			outputPaths = (
			);
			runOnlyForDeploymentPostprocessing = 0;
			shellPath = /bin/sh;
			shellScript = "# Type a script or drag a script file from your workspace to insert its path.\nexport PATH=\"$PATH:/opt/homebrew/bin\"\nif which swiftlint > /dev/null; then\n  swiftlint\nelse\n  echo \"warning: SwiftLint not installed, download from https://github.com/realm/SwiftLint\"\nfi\n";
		};
/* End PBXShellScriptBuildPhase section */

/* Begin PBXSourcesBuildPhase section */
		947296B02831956800DE62B9 /* Sources */ = {
			isa = PBXSourcesBuildPhase;
			buildActionMask = 2147483647;
			files = (
				94063BE1283C216100611B61 /* TranslatorServiceTestCase.swift in Sources */,
				94063BDF283BDB0200611B61 /* WeatherServiceTestCase.swift in Sources */,
				94026B592840F2D600A10670 /* CurrencyConverterMockDelegate.swift in Sources */,
				94403808283E776900092B24 /* CurrencyConverterServiceTestCase.swift in Sources */,
				947296BE2831960F00DE62B9 /* NetworkManagerTestCase.swift in Sources */,
				94026B552840F28500A10670 /* WeatherMockDelegate.swift in Sources */,
				947296C62832DC9500DE62B9 /* FakeResponseTranslationData.swift in Sources */,
				947296C82833DDD100DE62B9 /* UrlSessionFake.swift in Sources */,
				94026B532840F23C00A10670 /* TranslatorMockDelegate.swift in Sources */,
			);
			runOnlyForDeploymentPostprocessing = 0;
		};
		94DD89AC281036EC002B7C52 /* Sources */ = {
			isa = PBXSourcesBuildPhase;
			buildActionMask = 2147483647;
			files = (
				94B5FF3F28295A9300A626D9 /* TranslationResponse.swift in Sources */,
				94E43722282558D700853B53 /* NetworkManager.swift in Sources */,
				94B5FF472829ABDD00A626D9 /* City.swift in Sources */,
				94ACE4AA281427C000A505E0 /* CurrencyConverterViewController.swift in Sources */,
				94F7DE0A281FD9EF0034CD3F /* WeatherService.swift in Sources */,
				94ACE4AC2814285500A505E0 /* WeatherViewController.swift in Sources */,
				944E86E0282AB2A0002B167A /* ExchangeRate.swift in Sources */,
				942ABD10281AB93D00D677F6 /* CurrencyConverterDelegateProtocol.swift in Sources */,
				949D2FC92836653600ADDEC4 /* URLSessionExtension.swift in Sources */,
				94B5FF432829AA5600A626D9 /* WeatherServiceExtension.swift in Sources */,
				94DD89B4281036EC002B7C52 /* AppDelegate.swift in Sources */,
				94F1D5E72820742A00875F61 /* WeatherDelegateProtocol.swift in Sources */,
				94E43720282558B600853B53 /* TranslatorService.swift in Sources */,
				94DD89B6281036EC002B7C52 /* SceneDelegate.swift in Sources */,
				94F2586328196AB400A480AE /* UIButtonExtension.swift in Sources */,
				944E86E2282AB381002B167A /* CurrencyConverterExtension.swift in Sources */,
				94E921D428267BEC00494E47 /* TranslatorDelegateProtocol.swift in Sources */,
				94B5FF452829AB9D00A626D9 /* WeatherData.swift in Sources */,
				94ACE4AE2814289D00A505E0 /* TranslatorViewController.swift in Sources */,
				94B5FF4128295B1800A626D9 /* TranslateServiceExtension.swift in Sources */,
				9468F5E1281687BE00099300 /* CurrencyConverterService.swift in Sources */,
			);
			runOnlyForDeploymentPostprocessing = 0;
		};
/* End PBXSourcesBuildPhase section */

/* Begin PBXTargetDependency section */
		947296B92831956800DE62B9 /* PBXTargetDependency */ = {
			isa = PBXTargetDependency;
			target = 94DD89AF281036EC002B7C52 /* LeBaluchon */;
			targetProxy = 947296B82831956800DE62B9 /* PBXContainerItemProxy */;
		};
/* End PBXTargetDependency section */

/* Begin PBXVariantGroup section */
		94DD89B9281036EC002B7C52 /* Main.storyboard */ = {
			isa = PBXVariantGroup;
			children = (
				94DD89BA281036EC002B7C52 /* Base */,
			);
			name = Main.storyboard;
			sourceTree = "<group>";
		};
		94DD89BE281036EE002B7C52 /* LaunchScreen.storyboard */ = {
			isa = PBXVariantGroup;
			children = (
				94DD89BF281036EE002B7C52 /* Base */,
			);
			name = LaunchScreen.storyboard;
			sourceTree = "<group>";
		};
/* End PBXVariantGroup section */

/* Begin XCBuildConfiguration section */
		947296BA2831956800DE62B9 /* Debug */ = {
			isa = XCBuildConfiguration;
			buildSettings = {
				BUNDLE_LOADER = "$(TEST_HOST)";
				CLANG_ENABLE_MODULES = YES;
				CODE_SIGN_STYLE = Automatic;
				CURRENT_PROJECT_VERSION = 1;
				DEVELOPMENT_TEAM = QD45F7JUWF;
				GENERATE_INFOPLIST_FILE = YES;
				LD_RUNPATH_SEARCH_PATHS = (
					"$(inherited)",
					"@executable_path/Frameworks",
					"@loader_path/Frameworks",
				);
				MARKETING_VERSION = 1.0;
				PRODUCT_BUNDLE_IDENTIFIER = fr.aquinoernesto.LeBaluchonTests;
				PRODUCT_NAME = "$(TARGET_NAME)";
				SWIFT_EMIT_LOC_STRINGS = NO;
				SWIFT_OPTIMIZATION_LEVEL = "-Onone";
				SWIFT_VERSION = 5.0;
				TARGETED_DEVICE_FAMILY = "1,2";
				TEST_HOST = "$(BUILT_PRODUCTS_DIR)/LeBaluchon.app/LeBaluchon";
			};
			name = Debug;
		};
		947296BB2831956800DE62B9 /* Release */ = {
			isa = XCBuildConfiguration;
			buildSettings = {
				BUNDLE_LOADER = "$(TEST_HOST)";
				CLANG_ENABLE_MODULES = YES;
				CODE_SIGN_STYLE = Automatic;
				CURRENT_PROJECT_VERSION = 1;
				DEVELOPMENT_TEAM = QD45F7JUWF;
				GENERATE_INFOPLIST_FILE = YES;
				LD_RUNPATH_SEARCH_PATHS = (
					"$(inherited)",
					"@executable_path/Frameworks",
					"@loader_path/Frameworks",
				);
				MARKETING_VERSION = 1.0;
				PRODUCT_BUNDLE_IDENTIFIER = fr.aquinoernesto.LeBaluchonTests;
				PRODUCT_NAME = "$(TARGET_NAME)";
				SWIFT_EMIT_LOC_STRINGS = NO;
				SWIFT_VERSION = 5.0;
				TARGETED_DEVICE_FAMILY = "1,2";
				TEST_HOST = "$(BUILT_PRODUCTS_DIR)/LeBaluchon.app/LeBaluchon";
			};
			name = Release;
		};
		94DD89C2281036EE002B7C52 /* Debug */ = {
			isa = XCBuildConfiguration;
			baseConfigurationReference = 94C7245B281FB51A00F995AA /* Secrets.xcconfig */;
			buildSettings = {
				ALWAYS_SEARCH_USER_PATHS = NO;
				CLANG_ANALYZER_NONNULL = YES;
				CLANG_ANALYZER_NUMBER_OBJECT_CONVERSION = YES_AGGRESSIVE;
				CLANG_CXX_LANGUAGE_STANDARD = "gnu++17";
				CLANG_ENABLE_MODULES = YES;
				CLANG_ENABLE_OBJC_ARC = YES;
				CLANG_ENABLE_OBJC_WEAK = YES;
				CLANG_WARN_BLOCK_CAPTURE_AUTORELEASING = YES;
				CLANG_WARN_BOOL_CONVERSION = YES;
				CLANG_WARN_COMMA = YES;
				CLANG_WARN_CONSTANT_CONVERSION = YES;
				CLANG_WARN_DEPRECATED_OBJC_IMPLEMENTATIONS = YES;
				CLANG_WARN_DIRECT_OBJC_ISA_USAGE = YES_ERROR;
				CLANG_WARN_DOCUMENTATION_COMMENTS = YES;
				CLANG_WARN_EMPTY_BODY = YES;
				CLANG_WARN_ENUM_CONVERSION = YES;
				CLANG_WARN_INFINITE_RECURSION = YES;
				CLANG_WARN_INT_CONVERSION = YES;
				CLANG_WARN_NON_LITERAL_NULL_CONVERSION = YES;
				CLANG_WARN_OBJC_IMPLICIT_RETAIN_SELF = YES;
				CLANG_WARN_OBJC_LITERAL_CONVERSION = YES;
				CLANG_WARN_OBJC_ROOT_CLASS = YES_ERROR;
				CLANG_WARN_QUOTED_INCLUDE_IN_FRAMEWORK_HEADER = YES;
				CLANG_WARN_RANGE_LOOP_ANALYSIS = YES;
				CLANG_WARN_STRICT_PROTOTYPES = YES;
				CLANG_WARN_SUSPICIOUS_MOVE = YES;
				CLANG_WARN_UNGUARDED_AVAILABILITY = YES_AGGRESSIVE;
				CLANG_WARN_UNREACHABLE_CODE = YES;
				CLANG_WARN__DUPLICATE_METHOD_MATCH = YES;
				COPY_PHASE_STRIP = NO;
				DEBUG_INFORMATION_FORMAT = dwarf;
				ENABLE_STRICT_OBJC_MSGSEND = YES;
				ENABLE_TESTABILITY = YES;
				GCC_C_LANGUAGE_STANDARD = gnu11;
				GCC_DYNAMIC_NO_PIC = NO;
				GCC_NO_COMMON_BLOCKS = YES;
				GCC_OPTIMIZATION_LEVEL = 0;
				GCC_PREPROCESSOR_DEFINITIONS = (
					"DEBUG=1",
					"$(inherited)",
				);
				GCC_WARN_64_TO_32_BIT_CONVERSION = YES;
				GCC_WARN_ABOUT_RETURN_TYPE = YES_ERROR;
				GCC_WARN_UNDECLARED_SELECTOR = YES;
				GCC_WARN_UNINITIALIZED_AUTOS = YES_AGGRESSIVE;
				GCC_WARN_UNUSED_FUNCTION = YES;
				GCC_WARN_UNUSED_VARIABLE = YES;
				IPHONEOS_DEPLOYMENT_TARGET = 13.0;
				MTL_ENABLE_DEBUG_INFO = INCLUDE_SOURCE;
				MTL_FAST_MATH = YES;
				ONLY_ACTIVE_ARCH = YES;
				SDKROOT = iphoneos;
				SWIFT_ACTIVE_COMPILATION_CONDITIONS = DEBUG;
				SWIFT_OPTIMIZATION_LEVEL = "-Onone";
			};
			name = Debug;
		};
		94DD89C3281036EE002B7C52 /* Release */ = {
			isa = XCBuildConfiguration;
			baseConfigurationReference = 94C7245B281FB51A00F995AA /* Secrets.xcconfig */;
			buildSettings = {
				ALWAYS_SEARCH_USER_PATHS = NO;
				CLANG_ANALYZER_NONNULL = YES;
				CLANG_ANALYZER_NUMBER_OBJECT_CONVERSION = YES_AGGRESSIVE;
				CLANG_CXX_LANGUAGE_STANDARD = "gnu++17";
				CLANG_ENABLE_MODULES = YES;
				CLANG_ENABLE_OBJC_ARC = YES;
				CLANG_ENABLE_OBJC_WEAK = YES;
				CLANG_WARN_BLOCK_CAPTURE_AUTORELEASING = YES;
				CLANG_WARN_BOOL_CONVERSION = YES;
				CLANG_WARN_COMMA = YES;
				CLANG_WARN_CONSTANT_CONVERSION = YES;
				CLANG_WARN_DEPRECATED_OBJC_IMPLEMENTATIONS = YES;
				CLANG_WARN_DIRECT_OBJC_ISA_USAGE = YES_ERROR;
				CLANG_WARN_DOCUMENTATION_COMMENTS = YES;
				CLANG_WARN_EMPTY_BODY = YES;
				CLANG_WARN_ENUM_CONVERSION = YES;
				CLANG_WARN_INFINITE_RECURSION = YES;
				CLANG_WARN_INT_CONVERSION = YES;
				CLANG_WARN_NON_LITERAL_NULL_CONVERSION = YES;
				CLANG_WARN_OBJC_IMPLICIT_RETAIN_SELF = YES;
				CLANG_WARN_OBJC_LITERAL_CONVERSION = YES;
				CLANG_WARN_OBJC_ROOT_CLASS = YES_ERROR;
				CLANG_WARN_QUOTED_INCLUDE_IN_FRAMEWORK_HEADER = YES;
				CLANG_WARN_RANGE_LOOP_ANALYSIS = YES;
				CLANG_WARN_STRICT_PROTOTYPES = YES;
				CLANG_WARN_SUSPICIOUS_MOVE = YES;
				CLANG_WARN_UNGUARDED_AVAILABILITY = YES_AGGRESSIVE;
				CLANG_WARN_UNREACHABLE_CODE = YES;
				CLANG_WARN__DUPLICATE_METHOD_MATCH = YES;
				COPY_PHASE_STRIP = NO;
				DEBUG_INFORMATION_FORMAT = "dwarf-with-dsym";
				ENABLE_NS_ASSERTIONS = NO;
				ENABLE_STRICT_OBJC_MSGSEND = YES;
				GCC_C_LANGUAGE_STANDARD = gnu11;
				GCC_NO_COMMON_BLOCKS = YES;
				GCC_WARN_64_TO_32_BIT_CONVERSION = YES;
				GCC_WARN_ABOUT_RETURN_TYPE = YES_ERROR;
				GCC_WARN_UNDECLARED_SELECTOR = YES;
				GCC_WARN_UNINITIALIZED_AUTOS = YES_AGGRESSIVE;
				GCC_WARN_UNUSED_FUNCTION = YES;
				GCC_WARN_UNUSED_VARIABLE = YES;
				IPHONEOS_DEPLOYMENT_TARGET = 13.0;
				MTL_ENABLE_DEBUG_INFO = NO;
				MTL_FAST_MATH = YES;
				SDKROOT = iphoneos;
				SWIFT_COMPILATION_MODE = wholemodule;
				SWIFT_OPTIMIZATION_LEVEL = "-O";
				VALIDATE_PRODUCT = YES;
			};
			name = Release;
		};
		94DD89C5281036EE002B7C52 /* Debug */ = {
			isa = XCBuildConfiguration;
			buildSettings = {
				ASSETCATALOG_COMPILER_APPICON_NAME = AppIcon;
				ASSETCATALOG_COMPILER_GLOBAL_ACCENT_COLOR_NAME = AccentColor;
				CODE_SIGN_STYLE = Automatic;
				CURRENT_PROJECT_VERSION = 1;
				DEVELOPMENT_TEAM = QD45F7JUWF;
				GENERATE_INFOPLIST_FILE = YES;
				INFOPLIST_FILE = LeBaluchon/Info.plist;
				INFOPLIST_KEY_UIApplicationSupportsIndirectInputEvents = YES;
				INFOPLIST_KEY_UILaunchStoryboardName = LaunchScreen;
				INFOPLIST_KEY_UIMainStoryboardFile = Main;
				INFOPLIST_KEY_UISupportedInterfaceOrientations = UIInterfaceOrientationPortrait;
				INFOPLIST_KEY_UISupportedInterfaceOrientations_iPad = "UIInterfaceOrientationPortrait UIInterfaceOrientationPortraitUpsideDown UIInterfaceOrientationLandscapeLeft UIInterfaceOrientationLandscapeRight";
				INFOPLIST_KEY_UISupportedInterfaceOrientations_iPhone = "UIInterfaceOrientationPortrait UIInterfaceOrientationLandscapeLeft UIInterfaceOrientationLandscapeRight";
				IPHONEOS_DEPLOYMENT_TARGET = 13.0;
				LD_RUNPATH_SEARCH_PATHS = (
					"$(inherited)",
					"@executable_path/Frameworks",
				);
				MARKETING_VERSION = 1.0;
				PRODUCT_BUNDLE_IDENTIFIER = fr.aquinoernesto.LeBaluchon;
				PRODUCT_NAME = "$(TARGET_NAME)";
				SWIFT_EMIT_LOC_STRINGS = YES;
				SWIFT_VERSION = 5.0;
				TARGETED_DEVICE_FAMILY = 1;
			};
			name = Debug;
		};
		94DD89C6281036EE002B7C52 /* Release */ = {
			isa = XCBuildConfiguration;
			buildSettings = {
				ASSETCATALOG_COMPILER_APPICON_NAME = AppIcon;
				ASSETCATALOG_COMPILER_GLOBAL_ACCENT_COLOR_NAME = AccentColor;
				CODE_SIGN_STYLE = Automatic;
				CURRENT_PROJECT_VERSION = 1;
				DEVELOPMENT_TEAM = "";
				GENERATE_INFOPLIST_FILE = YES;
				INFOPLIST_FILE = LeBaluchon/Info.plist;
				INFOPLIST_KEY_UIApplicationSupportsIndirectInputEvents = YES;
				INFOPLIST_KEY_UILaunchStoryboardName = LaunchScreen;
				INFOPLIST_KEY_UIMainStoryboardFile = Main;
				INFOPLIST_KEY_UISupportedInterfaceOrientations = UIInterfaceOrientationPortrait;
				INFOPLIST_KEY_UISupportedInterfaceOrientations_iPad = "UIInterfaceOrientationPortrait UIInterfaceOrientationPortraitUpsideDown UIInterfaceOrientationLandscapeLeft UIInterfaceOrientationLandscapeRight";
				INFOPLIST_KEY_UISupportedInterfaceOrientations_iPhone = "UIInterfaceOrientationPortrait UIInterfaceOrientationLandscapeLeft UIInterfaceOrientationLandscapeRight";
				IPHONEOS_DEPLOYMENT_TARGET = 13.0;
				LD_RUNPATH_SEARCH_PATHS = (
					"$(inherited)",
					"@executable_path/Frameworks",
				);
				MARKETING_VERSION = 1.0;
				PRODUCT_BUNDLE_IDENTIFIER = fr.aquinoernesto.LeBaluchon;
				PRODUCT_NAME = "$(TARGET_NAME)";
				SWIFT_EMIT_LOC_STRINGS = YES;
				SWIFT_VERSION = 5.0;
				TARGETED_DEVICE_FAMILY = 1;
			};
			name = Release;
		};
/* End XCBuildConfiguration section */

/* Begin XCConfigurationList section */
		947296BC2831956800DE62B9 /* Build configuration list for PBXNativeTarget "LeBaluchonTests" */ = {
			isa = XCConfigurationList;
			buildConfigurations = (
				947296BA2831956800DE62B9 /* Debug */,
				947296BB2831956800DE62B9 /* Release */,
			);
			defaultConfigurationIsVisible = 0;
			defaultConfigurationName = Release;
		};
		94DD89AB281036EC002B7C52 /* Build configuration list for PBXProject "LeBaluchon" */ = {
			isa = XCConfigurationList;
			buildConfigurations = (
				94DD89C2281036EE002B7C52 /* Debug */,
				94DD89C3281036EE002B7C52 /* Release */,
			);
			defaultConfigurationIsVisible = 0;
			defaultConfigurationName = Release;
		};
		94DD89C4281036EE002B7C52 /* Build configuration list for PBXNativeTarget "LeBaluchon" */ = {
			isa = XCConfigurationList;
			buildConfigurations = (
				94DD89C5281036EE002B7C52 /* Debug */,
				94DD89C6281036EE002B7C52 /* Release */,
			);
			defaultConfigurationIsVisible = 0;
			defaultConfigurationName = Release;
		};
/* End XCConfigurationList section */
	};
	rootObject = 94DD89A8281036EC002B7C52 /* Project object */;
}
